// !$*UTF8*$!
{
	archiveVersion = 1;
	classes = {
	};
	objectVersion = 46;
	objects = {

/* Begin PBXBuildFile section */
		1C7295B746DA2D69D8405283 /* Pods_qudingxiang_swift.framework in Frameworks */ = {isa = PBXBuildFile; fileRef = 223184EFABED1939857D6CB0 /* Pods_qudingxiang_swift.framework */; };
		457F50891E138C6F00F2AA34 /* AppDelegate.swift in Sources */ = {isa = PBXBuildFile; fileRef = 457F50881E138C6F00F2AA34 /* AppDelegate.swift */; };
		457F508B1E138C6F00F2AA34 /* QDXLoginViewController.swift in Sources */ = {isa = PBXBuildFile; fileRef = 457F508A1E138C6F00F2AA34 /* QDXLoginViewController.swift */; };
		457F50901E138C6F00F2AA34 /* Assets.xcassets in Resources */ = {isa = PBXBuildFile; fileRef = 457F508F1E138C6F00F2AA34 /* Assets.xcassets */; };
		457F50931E138C6F00F2AA34 /* LaunchScreen.storyboard in Resources */ = {isa = PBXBuildFile; fileRef = 457F50911E138C6F00F2AA34 /* LaunchScreen.storyboard */; };
		457F509B1E138E7200F2AA34 /* QDXNavigationViewController.swift in Sources */ = {isa = PBXBuildFile; fileRef = 457F509A1E138E7200F2AA34 /* QDXNavigationViewController.swift */; };
		457F509D1E13952700F2AA34 /* QDXTabBarViewController.swift in Sources */ = {isa = PBXBuildFile; fileRef = 457F509C1E13952700F2AA34 /* QDXTabBarViewController.swift */; };
		45A2BDB71E1508B400BDE536 /* Main.storyboard in Resources */ = {isa = PBXBuildFile; fileRef = 45A2BDB51E1508B400BDE536 /* Main.storyboard */; };
/* End PBXBuildFile section */

/* Begin PBXFileReference section */
		16CC2834EDAD83BF7F8AE79D /* Pods-qudingxiang-swift.release.xcconfig */ = {isa = PBXFileReference; includeInIndex = 1; lastKnownFileType = text.xcconfig; name = "Pods-qudingxiang-swift.release.xcconfig"; path = "Pods/Target Support Files/Pods-qudingxiang-swift/Pods-qudingxiang-swift.release.xcconfig"; sourceTree = "<group>"; };
		223184EFABED1939857D6CB0 /* Pods_qudingxiang_swift.framework */ = {isa = PBXFileReference; explicitFileType = wrapper.framework; includeInIndex = 0; path = Pods_qudingxiang_swift.framework; sourceTree = BUILT_PRODUCTS_DIR; };
		457F50851E138C6F00F2AA34 /* qudingxiang-swift.app */ = {isa = PBXFileReference; explicitFileType = wrapper.application; includeInIndex = 0; path = "qudingxiang-swift.app"; sourceTree = BUILT_PRODUCTS_DIR; };
		457F50881E138C6F00F2AA34 /* AppDelegate.swift */ = {isa = PBXFileReference; lastKnownFileType = sourcecode.swift; path = AppDelegate.swift; sourceTree = "<group>"; };
		457F508A1E138C6F00F2AA34 /* QDXLoginViewController.swift */ = {isa = PBXFileReference; lastKnownFileType = sourcecode.swift; path = QDXLoginViewController.swift; sourceTree = "<group>"; };
		457F508F1E138C6F00F2AA34 /* Assets.xcassets */ = {isa = PBXFileReference; lastKnownFileType = folder.assetcatalog; path = Assets.xcassets; sourceTree = "<group>"; };
		457F50921E138C6F00F2AA34 /* Base */ = {isa = PBXFileReference; lastKnownFileType = file.storyboard; name = Base; path = Base.lproj/LaunchScreen.storyboard; sourceTree = "<group>"; };
		457F50941E138C6F00F2AA34 /* Info.plist */ = {isa = PBXFileReference; lastKnownFileType = text.plist.xml; path = Info.plist; sourceTree = "<group>"; };
		457F509A1E138E7200F2AA34 /* QDXNavigationViewController.swift */ = {isa = PBXFileReference; fileEncoding = 4; lastKnownFileType = sourcecode.swift; path = QDXNavigationViewController.swift; sourceTree = "<group>"; };
		457F509C1E13952700F2AA34 /* QDXTabBarViewController.swift */ = {isa = PBXFileReference; fileEncoding = 4; lastKnownFileType = sourcecode.swift; path = QDXTabBarViewController.swift; sourceTree = "<group>"; };
		45A2BDB61E1508B400BDE536 /* Base */ = {isa = PBXFileReference; lastKnownFileType = file.storyboard; name = Base; path = Base.lproj/Main.storyboard; sourceTree = "<group>"; };
		FDD3DE0861E2A26816AE6C10 /* Pods-qudingxiang-swift.debug.xcconfig */ = {isa = PBXFileReference; includeInIndex = 1; lastKnownFileType = text.xcconfig; name = "Pods-qudingxiang-swift.debug.xcconfig"; path = "Pods/Target Support Files/Pods-qudingxiang-swift/Pods-qudingxiang-swift.debug.xcconfig"; sourceTree = "<group>"; };
/* End PBXFileReference section */

/* Begin PBXFrameworksBuildPhase section */
		457F50821E138C6F00F2AA34 /* Frameworks */ = {
			isa = PBXFrameworksBuildPhase;
			buildActionMask = 2147483647;
			files = (
				1C7295B746DA2D69D8405283 /* Pods_qudingxiang_swift.framework in Frameworks */,
			);
			runOnlyForDeploymentPostprocessing = 0;
		};
/* End PBXFrameworksBuildPhase section */

/* Begin PBXGroup section */
		457F507C1E138C6E00F2AA34 = {
			isa = PBXGroup;
			children = (
				457F50871E138C6F00F2AA34 /* qudingxiang-swift */,
				457F50861E138C6F00F2AA34 /* Products */,
				B219AB839F1D97F1AF8B7D47 /* Pods */,
				E69293AC82AE0970F784E141 /* Frameworks */,
			);
			sourceTree = "<group>";
		};
		457F50861E138C6F00F2AA34 /* Products */ = {
			isa = PBXGroup;
			children = (
				457F50851E138C6F00F2AA34 /* qudingxiang-swift.app */,
			);
			name = Products;
			sourceTree = "<group>";
		};
		457F50871E138C6F00F2AA34 /* qudingxiang-swift */ = {
			isa = PBXGroup;
			children = (
				457F50881E138C6F00F2AA34 /* AppDelegate.swift */,
				457F508A1E138C6F00F2AA34 /* QDXLoginViewController.swift */,
				457F509A1E138E7200F2AA34 /* QDXNavigationViewController.swift */,
				457F509C1E13952700F2AA34 /* QDXTabBarViewController.swift */,
				457F508F1E138C6F00F2AA34 /* Assets.xcassets */,
				45A2BDB51E1508B400BDE536 /* Main.storyboard */,
				457F50911E138C6F00F2AA34 /* LaunchScreen.storyboard */,
				457F50941E138C6F00F2AA34 /* Info.plist */,
			);
			path = "qudingxiang-swift";
			sourceTree = "<group>";
		};
		B219AB839F1D97F1AF8B7D47 /* Pods */ = {
			isa = PBXGroup;
			children = (
				FDD3DE0861E2A26816AE6C10 /* Pods-qudingxiang-swift.debug.xcconfig */,
				16CC2834EDAD83BF7F8AE79D /* Pods-qudingxiang-swift.release.xcconfig */,
			);
			name = Pods;
			sourceTree = "<group>";
		};
		E69293AC82AE0970F784E141 /* Frameworks */ = {
			isa = PBXGroup;
			children = (
				223184EFABED1939857D6CB0 /* Pods_qudingxiang_swift.framework */,
			);
			name = Frameworks;
			sourceTree = "<group>";
		};
/* End PBXGroup section */

/* Begin PBXNativeTarget section */
		457F50841E138C6F00F2AA34 /* qudingxiang-swift */ = {
			isa = PBXNativeTarget;
			buildConfigurationList = 457F50971E138C6F00F2AA34 /* Build configuration list for PBXNativeTarget "qudingxiang-swift" */;
			buildPhases = (
				3D68E5BD26F96686498865F2 /* [CP] Check Pods Manifest.lock */,
				457F50811E138C6F00F2AA34 /* Sources */,
				457F50821E138C6F00F2AA34 /* Frameworks */,
				457F50831E138C6F00F2AA34 /* Resources */,
				CA22B3026B05F96E5930EEDD /* [CP] Embed Pods Frameworks */,
				A9C3E796B9D08FBE546FD823 /* [CP] Copy Pods Resources */,
			);
			buildRules = (
			);
			dependencies = (
			);
			name = "qudingxiang-swift";
			productName = "qudingxiang-swift";
			productReference = 457F50851E138C6F00F2AA34 /* qudingxiang-swift.app */;
			productType = "com.apple.product-type.application";
		};
/* End PBXNativeTarget section */

/* Begin PBXProject section */
		457F507D1E138C6E00F2AA34 /* Project object */ = {
			isa = PBXProject;
			attributes = {
				LastSwiftUpdateCheck = 0820;
				LastUpgradeCheck = 0820;
				ORGANIZATIONNAME = sowill;
				TargetAttributes = {
					457F50841E138C6F00F2AA34 = {
						CreatedOnToolsVersion = 8.2;
						DevelopmentTeam = X5T2295222;
						ProvisioningStyle = Automatic;
					};
				};
			};
			buildConfigurationList = 457F50801E138C6E00F2AA34 /* Build configuration list for PBXProject "qudingxiang-swift" */;
			compatibilityVersion = "Xcode 3.2";
			developmentRegion = English;
			hasScannedForEncodings = 0;
			knownRegions = (
				en,
				Base,
			);
			mainGroup = 457F507C1E138C6E00F2AA34;
			productRefGroup = 457F50861E138C6F00F2AA34 /* Products */;
			projectDirPath = "";
			projectRoot = "";
			targets = (
				457F50841E138C6F00F2AA34 /* qudingxiang-swift */,
			);
		};
/* End PBXProject section */

/* Begin PBXResourcesBuildPhase section */
		457F50831E138C6F00F2AA34 /* Resources */ = {
			isa = PBXResourcesBuildPhase;
			buildActionMask = 2147483647;
			files = (
				45A2BDB71E1508B400BDE536 /* Main.storyboard in Resources */,
				457F50931E138C6F00F2AA34 /* LaunchScreen.storyboard in Resources */,
				457F50901E138C6F00F2AA34 /* Assets.xcassets in Resources */,
			);
			runOnlyForDeploymentPostprocessing = 0;
		};
/* End PBXResourcesBuildPhase section */

/* Begin PBXShellScriptBuildPhase section */
		3D68E5BD26F96686498865F2 /* [CP] Check Pods Manifest.lock */ = {
			isa = PBXShellScriptBuildPhase;
			buildActionMask = 2147483647;
			files = (
			);
			inputPaths = (
			);
			name = "[CP] Check Pods Manifest.lock";
			outputPaths = (
			);
			runOnlyForDeploymentPostprocessing = 0;
			shellPath = /bin/sh;
			shellScript = "diff \"${PODS_ROOT}/../Podfile.lock\" \"${PODS_ROOT}/Manifest.lock\" > /dev/null\nif [ $? != 0 ] ; then\n    # print error to STDERR\n    echo \"error: The sandbox is not in sync with the Podfile.lock. Run 'pod install' or update your CocoaPods installation.\" >&2\n    exit 1\nfi\n";
			showEnvVarsInLog = 0;
		};
		A9C3E796B9D08FBE546FD823 /* [CP] Copy Pods Resources */ = {
			isa = PBXShellScriptBuildPhase;
			buildActionMask = 2147483647;
			files = (
			);
			inputPaths = (
			);
			name = "[CP] Copy Pods Resources";
			outputPaths = (
			);
			runOnlyForDeploymentPostprocessing = 0;
			shellPath = /bin/sh;
			shellScript = "\"${SRCROOT}/Pods/Target Support Files/Pods-qudingxiang-swift/Pods-qudingxiang-swift-resources.sh\"\n";
			showEnvVarsInLog = 0;
		};
		CA22B3026B05F96E5930EEDD /* [CP] Embed Pods Frameworks */ = {
			isa = PBXShellScriptBuildPhase;
			buildActionMask = 2147483647;
			files = (
			);
			inputPaths = (
			);
			name = "[CP] Embed Pods Frameworks";
			outputPaths = (
			);
			runOnlyForDeploymentPostprocessing = 0;
			shellPath = /bin/sh;
			shellScript = "\"${SRCROOT}/Pods/Target Support Files/Pods-qudingxiang-swift/Pods-qudingxiang-swift-frameworks.sh\"\n";
			showEnvVarsInLog = 0;
		};
/* End PBXShellScriptBuildPhase section */

/* Begin PBXSourcesBuildPhase section */
		457F50811E138C6F00F2AA34 /* Sources */ = {
			isa = PBXSourcesBuildPhase;
			buildActionMask = 2147483647;
			files = (
				457F509D1E13952700F2AA34 /* QDXTabBarViewController.swift in Sources */,
				457F508B1E138C6F00F2AA34 /* QDXLoginViewController.swift in Sources */,
				457F50891E138C6F00F2AA34 /* AppDelegate.swift in Sources */,
				457F509B1E138E7200F2AA34 /* QDXNavigationViewController.swift in Sources */,
			);
			runOnlyForDeploymentPostprocessing = 0;
		};
/* End PBXSourcesBuildPhase section */

/* Begin PBXVariantGroup section */
		457F50911E138C6F00F2AA34 /* LaunchScreen.storyboard */ = {
			isa = PBXVariantGroup;
			children = (
				457F50921E138C6F00F2AA34 /* Base */,
			);
			name = LaunchScreen.storyboard;
			sourceTree = "<group>";
		};
		45A2BDB51E1508B400BDE536 /* Main.storyboard */ = {
			isa = PBXVariantGroup;
			children = (
				45A2BDB61E1508B400BDE536 /* Base */,
			);
			name = Main.storyboard;
			sourceTree = "<group>";
		};
/* End PBXVariantGroup section */

/* Begin XCBuildConfiguration section */
		457F50951E138C6F00F2AA34 /* Debug */ = {
			isa = XCBuildConfiguration;
			buildSettings = {
				ALWAYS_SEARCH_USER_PATHS = NO;
				CLANG_ANALYZER_NONNULL = YES;
				CLANG_CXX_LANGUAGE_STANDARD = "gnu++0x";
				CLANG_CXX_LIBRARY = "libc++";
				CLANG_ENABLE_MODULES = YES;
				CLANG_ENABLE_OBJC_ARC = YES;
				CLANG_WARN_BOOL_CONVERSION = YES;
				CLANG_WARN_CONSTANT_CONVERSION = YES;
				CLANG_WARN_DIRECT_OBJC_ISA_USAGE = YES_ERROR;
				CLANG_WARN_DOCUMENTATION_COMMENTS = YES;
				CLANG_WARN_EMPTY_BODY = YES;
				CLANG_WARN_ENUM_CONVERSION = YES;
				CLANG_WARN_INFINITE_RECURSION = YES;
				CLANG_WARN_INT_CONVERSION = YES;
				CLANG_WARN_OBJC_ROOT_CLASS = YES_ERROR;
				CLANG_WARN_SUSPICIOUS_MOVE = YES;
				CLANG_WARN_UNREACHABLE_CODE = YES;
				CLANG_WARN__DUPLICATE_METHOD_MATCH = YES;
				"CODE_SIGN_IDENTITY[sdk=iphoneos*]" = "iPhone Developer";
				COPY_PHASE_STRIP = NO;
				DEBUG_INFORMATION_FORMAT = dwarf;
				ENABLE_STRICT_OBJC_MSGSEND = YES;
				ENABLE_TESTABILITY = YES;
				GCC_C_LANGUAGE_STANDARD = gnu99;
				GCC_DYNAMIC_NO_PIC = NO;
				GCC_NO_COMMON_BLOCKS = YES;
				GCC_OPTIMIZATION_LEVEL = 0;
				GCC_PREPROCESSOR_DEFINITIONS = (
					"DEBUG=1",
					"$(inherited)",
				);
				GCC_WARN_64_TO_32_BIT_CONVERSION = YES;
				GCC_WARN_ABOUT_RETURN_TYPE = YES_ERROR;
				GCC_WARN_UNDECLARED_SELECTOR = YES;
				GCC_WARN_UNINITIALIZED_AUTOS = YES_AGGRESSIVE;
				GCC_WARN_UNUSED_FUNCTION = YES;
				GCC_WARN_UNUSED_VARIABLE = YES;
				IPHONEOS_DEPLOYMENT_TARGET = 10.2;
				MTL_ENABLE_DEBUG_INFO = YES;
				ONLY_ACTIVE_ARCH = YES;
				SDKROOT = iphoneos;
				SWIFT_ACTIVE_COMPILATION_CONDITIONS = DEBUG;
				SWIFT_OPTIMIZATION_LEVEL = "-Onone";
			};
			name = Debug;
		};
		457F50961E138C6F00F2AA34 /* Release */ = {
			isa = XCBuildConfiguration;
			buildSettings = {
				ALWAYS_SEARCH_USER_PATHS = NO;
				CLANG_ANALYZER_NONNULL = YES;
				CLANG_CXX_LANGUAGE_STANDARD = "gnu++0x";
				CLANG_CXX_LIBRARY = "libc++";
				CLANG_ENABLE_MODULES = YES;
				CLANG_ENABLE_OBJC_ARC = YES;
				CLANG_WARN_BOOL_CONVERSION = YES;
				CLANG_WARN_CONSTANT_CONVERSION = YES;
				CLANG_WARN_DIRECT_OBJC_ISA_USAGE = YES_ERROR;
				CLANG_WARN_DOCUMENTATION_COMMENTS = YES;
				CLANG_WARN_EMPTY_BODY = YES;
				CLANG_WARN_ENUM_CONVERSION = YES;
				CLANG_WARN_INFINITE_RECURSION = YES;
				CLANG_WARN_INT_CONVERSION = YES;
				CLANG_WARN_OBJC_ROOT_CLASS = YES_ERROR;
				CLANG_WARN_SUSPICIOUS_MOVE = YES;
				CLANG_WARN_UNREACHABLE_CODE = YES;
				CLANG_WARN__DUPLICATE_METHOD_MATCH = YES;
				"CODE_SIGN_IDENTITY[sdk=iphoneos*]" = "iPhone Developer";
				COPY_PHASE_STRIP = NO;
				DEBUG_INFORMATION_FORMAT = "dwarf-with-dsym";
				ENABLE_NS_ASSERTIONS = NO;
				ENABLE_STRICT_OBJC_MSGSEND = YES;
				GCC_C_LANGUAGE_STANDARD = gnu99;
				GCC_NO_COMMON_BLOCKS = YES;
				GCC_WARN_64_TO_32_BIT_CONVERSION = YES;
				GCC_WARN_ABOUT_RETURN_TYPE = YES_ERROR;
				GCC_WARN_UNDECLARED_SELECTOR = YES;
				GCC_WARN_UNINITIALIZED_AUTOS = YES_AGGRESSIVE;
				GCC_WARN_UNUSED_FUNCTION = YES;
				GCC_WARN_UNUSED_VARIABLE = YES;
				IPHONEOS_DEPLOYMENT_TARGET = 10.2;
				MTL_ENABLE_DEBUG_INFO = NO;
				SDKROOT = iphoneos;
				SWIFT_OPTIMIZATION_LEVEL = "-Owholemodule";
				VALIDATE_PRODUCT = YES;
			};
			name = Release;
		};
		457F50981E138C6F00F2AA34 /* Debug */ = {
			isa = XCBuildConfiguration;
			baseConfigurationReference = FDD3DE0861E2A26816AE6C10 /* Pods-qudingxiang-swift.debug.xcconfig */;
			buildSettings = {
				ASSETCATALOG_COMPILER_APPICON_NAME = AppIcon;
				DEVELOPMENT_TEAM = X5T2295222;
				INFOPLIST_FILE = "qudingxiang-swift/Info.plist";
				LD_RUNPATH_SEARCH_PATHS = "$(inherited) @executable_path/Frameworks";
				PRODUCT_BUNDLE_IDENTIFIER = "com.app.qudingxiang-swift";
				PRODUCT_NAME = "$(TARGET_NAME)";
				SWIFT_VERSION = 3.0;
				"USER_HEADER_SEARCH_PATHS[arch=*]" = "${SRCROOT}/**";
			};
			name = Debug;
		};
		457F50991E138C6F00F2AA34 /* Release */ = {
			isa = XCBuildConfiguration;
			baseConfigurationReference = 16CC2834EDAD83BF7F8AE79D /* Pods-qudingxiang-swift.release.xcconfig */;
			buildSettings = {
				ASSETCATALOG_COMPILER_APPICON_NAME = AppIcon;
				DEVELOPMENT_TEAM = X5T2295222;
				INFOPLIST_FILE = "qudingxiang-swift/Info.plist";
				LD_RUNPATH_SEARCH_PATHS = "$(inherited) @executable_path/Frameworks";
				PRODUCT_BUNDLE_IDENTIFIER = "com.app.qudingxiang-swift";
				PRODUCT_NAME = "$(TARGET_NAME)";
				SWIFT_VERSION = 3.0;
				"USER_HEADER_SEARCH_PATHS[arch=*]" = "${SRCROOT}/**";
			};
			name = Release;
		};
/* End XCBuildConfiguration section */

/* Begin XCConfigurationList section */
		457F50801E138C6E00F2AA34 /* Build configuration list for PBXProject "qudingxiang-swift" */ = {
			isa = XCConfigurationList;
			buildConfigurations = (
				457F50951E138C6F00F2AA34 /* Debug */,
				457F50961E138C6F00F2AA34 /* Release */,
			);
			defaultConfigurationIsVisible = 0;
			defaultConfigurationName = Release;
		};
		457F50971E138C6F00F2AA34 /* Build configuration list for PBXNativeTarget "qudingxiang-swift" */ = {
			isa = XCConfigurationList;
			buildConfigurations = (
				457F50981E138C6F00F2AA34 /* Debug */,
				457F50991E138C6F00F2AA34 /* Release */,
			);
			defaultConfigurationIsVisible = 0;
			defaultConfigurationName = Release;
		};
/* End XCConfigurationList section */
	};
	rootObject = 457F507D1E138C6E00F2AA34 /* Project object */;
}
